version = 1
revision = 3
requires-python = ">=3.13"

[[package]]
name = "aiofiles"
version = "24.1.0"
source = { registry = "https://pypi.org/simple" }
sdist = { url = "https://files.pythonhosted.org/packages/0b/03/a88171e277e8caa88a4c77808c20ebb04ba74cc4681bf1e9416c862de237/aiofiles-24.1.0.tar.gz", hash = "sha256:22a075c9e5a3810f0c2e48f3008c94d68c65d763b9b03857924c99e57355166c", size = 30247, upload-time = "2024-06-24T11:02:03.584Z" }
wheels = [
    { url = "https://files.pythonhosted.org/packages/a5/45/30bb92d442636f570cb5651bc661f52b610e2eec3f891a5dc3a4c3667db0/aiofiles-24.1.0-py3-none-any.whl", hash = "sha256:b4ec55f4195e3eb5d7abd1bf7e061763e864dd4954231fb8539a0ef8bb8260e5", size = 15896, upload-time = "2024-06-24T11:02:01.529Z" },
]

[[package]]
name = "asyncio"
version = "4.0.0"
source = { registry = "https://pypi.org/simple" }
sdist = { url = "https://files.pythonhosted.org/packages/71/ea/26c489a11f7ca862d5705db67683a7361ce11c23a7b98fc6c2deaeccede2/asyncio-4.0.0.tar.gz", hash = "sha256:570cd9e50db83bc1629152d4d0b7558d6451bb1bfd5dfc2e935d96fc2f40329b", size = 5371, upload-time = "2025-08-05T02:51:46.605Z" }
wheels = [
    { url = "https://files.pythonhosted.org/packages/57/64/eff2564783bd650ca25e15938d1c5b459cda997574a510f7de69688cb0b4/asyncio-4.0.0-py3-none-any.whl", hash = "sha256:c1eddb0659231837046809e68103969b2bef8b0400d59cfa6363f6b5ed8cc88b", size = 5555, upload-time = "2025-08-05T02:51:45.767Z" },
]

[[package]]
name = "dnspython"
version = "2.8.0"
source = { registry = "https://pypi.org/simple" }
sdist = { url = "https://files.pythonhosted.org/packages/8c/8b/57666417c0f90f08bcafa776861060426765fdb422eb10212086fb811d26/dnspython-2.8.0.tar.gz", hash = "sha256:181d3c6996452cb1189c4046c61599b84a5a86e099562ffde77d26984ff26d0f", size = 368251, upload-time = "2025-09-07T18:58:00.022Z" }
wheels = [
    { url = "https://files.pythonhosted.org/packages/ba/5a/18ad964b0086c6e62e2e7500f7edc89e3faa45033c71c1893d34eed2b2de/dnspython-2.8.0-py3-none-any.whl", hash = "sha256:01d9bbc4a2d76bf0db7c1f729812ded6d912bd318d3b1cf81d30c0f845dbf3af", size = 331094, upload-time = "2025-09-07T18:57:58.071Z" },
]

[[package]]
name = "kaseb"
version = "0.1.0"
source = { virtual = "." }
dependencies = [
    { name = "aiofiles" },
    { name = "asyncio" },
    { name = "motor" },
    { name = "pymongo" },
    { name = "rnet" },
]

[package.metadata]
requires-dist = [
    { name = "aiofiles", specifier = ">=24.1.0" },
    { name = "asyncio", specifier = ">=4.0.0" },
    { name = "motor", specifier = ">=3.7.1" },
    { name = "pymongo", specifier = ">=4.15.1" },
    { name = "rnet", specifier = ">=2.4.2" },
]

[[package]]
name = "motor"
version = "3.7.1"
source = { registry = "https://pypi.org/simple" }
dependencies = [
    { name = "pymongo" },
]
sdist = { url = "https://files.pythonhosted.org/packages/93/ae/96b88362d6a84cb372f7977750ac2a8aed7b2053eed260615df08d5c84f4/motor-3.7.1.tar.gz", hash = "sha256:27b4d46625c87928f331a6ca9d7c51c2f518ba0e270939d395bc1ddc89d64526", size = 280997, upload-time = "2025-05-14T18:56:33.653Z" }
wheels = [
    { url = "https://files.pythonhosted.org/packages/01/9a/35e053d4f442addf751ed20e0e922476508ee580786546d699b0567c4c67/motor-3.7.1-py3-none-any.whl", hash = "sha256:8a63b9049e38eeeb56b4fdd57c3312a6d1f25d01db717fe7d82222393c410298", size = 74996, upload-time = "2025-05-14T18:56:31.665Z" },
]

[[package]]
name = "pymongo"
version = "4.15.1"
source = { registry = "https://pypi.org/simple" }
dependencies = [
    { name = "dnspython" },
]
sdist = { url = "https://files.pythonhosted.org/packages/22/f5/c0c6732fbd358b75a07e17d7e588fd23d481b9812ca96ceeff90bbf879fc/pymongo-4.15.1.tar.gz", hash = "sha256:b9f379a4333dc3779a6bf7adfd077d4387404ed1561472743486a9c58286f705", size = 2470613, upload-time = "2025-09-16T16:39:47.24Z" }
wheels = [
    { url = "https://files.pythonhosted.org/packages/a6/22/02ac885d8accb4c86ae92e99681a09f3fd310c431843fc850e141b42ab17/pymongo-4.15.1-cp313-cp313-macosx_10_13_x86_64.whl", hash = "sha256:622957eed757e44d9605c43b576ef90affb61176d9e8be7356c1a2948812cb84", size = 974492, upload-time = "2025-09-16T16:38:50.437Z" },
    { url = "https://files.pythonhosted.org/packages/56/bf/71685b6b2d085dbaadf029b1ea4a1bc7a1bc483452513dea283b47a5f7c0/pymongo-4.15.1-cp313-cp313-macosx_11_0_arm64.whl", hash = "sha256:c5283dffcf601b793a57bb86819a467473bbb1bf21cd170c0b9648f933f22131", size = 974191, upload-time = "2025-09-16T16:38:52.725Z" },
    { url = "https://files.pythonhosted.org/packages/df/98/141edc92fa97af96b4c691e10a7225ac3e552914e88b7a8d439bd6bc9fcc/pymongo-4.15.1-cp313-cp313-manylinux_2_17_aarch64.manylinux2014_aarch64.whl", hash = "sha256:def51dea1f8e336aed807eb5d2f2a416c5613e97ec64f07479681d05044c217c", size = 1962311, upload-time = "2025-09-16T16:38:54.319Z" },
    { url = "https://files.pythonhosted.org/packages/f8/a9/601b91607af1dec8035b46ba67a5a023c819ccedd40d6f6232e15bf76030/pymongo-4.15.1-cp313-cp313-manylinux_2_17_ppc64le.manylinux2014_ppc64le.whl", hash = "sha256:24171b2015052b2f0a3f8cbfa38b973fa87f6474e88236a4dfeb735983f9f49e", size = 2039667, upload-time = "2025-09-16T16:38:55.958Z" },
    { url = "https://files.pythonhosted.org/packages/4f/71/02e9a5248e0a9dfc371fd7350f8b11eac03d9eb3662328978f37613d319a/pymongo-4.15.1-cp313-cp313-manylinux_2_17_s390x.manylinux2014_s390x.whl", hash = "sha256:64b60ed7220c52f8c78c7af8d2c58f7e415732e21b3ff7e642169efa6e0b11e7", size = 2003579, upload-time = "2025-09-16T16:38:57.576Z" },
    { url = "https://files.pythonhosted.org/packages/f9/d1/b1a9520b33e022ed1c0d2d43e8805ba18d3d686fc9c9d89a507593f6dd86/pymongo-4.15.1-cp313-cp313-manylinux_2_17_x86_64.manylinux2014_x86_64.whl", hash = "sha256:58236ce5ba3a79748c1813221b07b411847fd8849ff34c2891ba56f807cce3e5", size = 1964307, upload-time = "2025-09-16T16:38:59.219Z" },
    { url = "https://files.pythonhosted.org/packages/3d/d1/1d205a762020f056c05899a912364c48bac0f3438502b36d057aa1da3ca5/pymongo-4.15.1-cp313-cp313-manylinux_2_5_i686.manylinux1_i686.manylinux_2_17_i686.manylinux2014_i686.whl", hash = "sha256:7461e777b3da96568c1f077b1fbf9e0c15667ac4d8b9a1cf90d80a69fe3be609", size = 1913879, upload-time = "2025-09-16T16:39:01.266Z" },
    { url = "https://files.pythonhosted.org/packages/44/d1/0a3ab2440ea00b6423f33c84e6433022fd51f3561dede9346f54f39cf4dd/pymongo-4.15.1-cp313-cp313-win32.whl", hash = "sha256:45f0a2fb09704ca5e0df08a794076d21cbe5521d3a8ceb8ad6d51cef12f5f4e7", size = 938007, upload-time = "2025-09-16T16:39:03.427Z" },
    { url = "https://files.pythonhosted.org/packages/7b/61/e9ea839af2caadfde91774549a6f72450b72efdc92117995e7117d4b1270/pymongo-4.15.1-cp313-cp313-win_amd64.whl", hash = "sha256:b70201a6dbe19d0d10a886989d3ba4b857ea6ef402a22a61c8ca387b937cc065", size = 962236, upload-time = "2025-09-16T16:39:05.018Z" },
    { url = "https://files.pythonhosted.org/packages/ad/f8/0a92a72993b2e1c110ee532650624ca7ae15c5e45906dbae4f063a2fd32a/pymongo-4.15.1-cp313-cp313-win_arm64.whl", hash = "sha256:6892ebf8b2bc345cacfe1301724195d87162f02d01c417175e9f27d276a2f198", size = 944138, upload-time = "2025-09-16T16:39:07.035Z" },
    { url = "https://files.pythonhosted.org/packages/e5/eb/2ba257482844bb2e3c82c6b266d6e811bc610fa80408133e352cc1afb3c9/pymongo-4.15.1-cp313-cp313t-macosx_10_13_x86_64.whl", hash = "sha256:db439288516514713c8ee09c9baaf66bc4b0188fbe4cd578ef3433ee27699aab", size = 1030987, upload-time = "2025-09-16T16:39:08.914Z" },
    { url = "https://files.pythonhosted.org/packages/0d/86/8c6eab3767251ba77a3604d3b6b0826d0af246bd04b2d16aced3a54f08b0/pymongo-4.15.1-cp313-cp313t-macosx_11_0_arm64.whl", hash = "sha256:234c80a5f21c8854cc5d6c2f5541ff17dd645b99643587c5e7ed1e21d42003b6", size = 1030996, upload-time = "2025-09-16T16:39:10.429Z" },
    { url = "https://files.pythonhosted.org/packages/5b/26/c1bc0bcb64f39b9891b8b537f21cc37d668edd8b93f47ed930af7f95649c/pymongo-4.15.1-cp313-cp313t-manylinux_2_17_aarch64.manylinux2014_aarch64.whl", hash = "sha256:b570dc8179dcab980259b885116b14462bcf39170e30d8cbcce6f17f28a2ac5b", size = 2290670, upload-time = "2025-09-16T16:39:12.348Z" },
    { url = "https://files.pythonhosted.org/packages/82/af/f5e8b6c404a3678a99bf0b704f7b19fa14a71edb42d724eb09147aa1d3be/pymongo-4.15.1-cp313-cp313t-manylinux_2_17_ppc64le.manylinux2014_ppc64le.whl", hash = "sha256:cb6321bde02308d4d313b487d19bfae62ea4d37749fc2325b1c12388e05e4c31", size = 2377711, upload-time = "2025-09-16T16:39:13.992Z" },
    { url = "https://files.pythonhosted.org/packages/af/f4/63bcc1760bf3e0925cb6cb91b2b3ba756c113b1674a14b41efe7e3738b8d/pymongo-4.15.1-cp313-cp313t-manylinux_2_17_s390x.manylinux2014_s390x.whl", hash = "sha256:cc808588289f693aba80fae8272af4582a7d6edc4e95fb8fbf65fe6f634116ce", size = 2337097, upload-time = "2025-09-16T16:39:15.717Z" },
    { url = "https://files.pythonhosted.org/packages/d0/dc/0cfada0426556b4b04144fb00ce6a1e7535ab49623d4d9dd052d27ea46c0/pymongo-4.15.1-cp313-cp313t-manylinux_2_17_x86_64.manylinux2014_x86_64.whl", hash = "sha256:99236fd0e0cf6b048a4370d0df6820963dc94f935ad55a2e29af752272abd6c9", size = 2288295, upload-time = "2025-09-16T16:39:17.385Z" },
    { url = "https://files.pythonhosted.org/packages/5b/a8/081a80f60042d2b8cd6a1c091ecaa186f1ef216b587d06acd0743e1016c6/pymongo-4.15.1-cp313-cp313t-manylinux_2_5_i686.manylinux1_i686.manylinux_2_17_i686.manylinux2014_i686.whl", hash = "sha256:2277548bb093424742325b2a88861d913d8990f358fc71fd26004d1b87029bb8", size = 2227616, upload-time = "2025-09-16T16:39:19.025Z" },
    { url = "https://files.pythonhosted.org/packages/56/d0/a6007e0c3c5727391ac5ea40e93a1e7d14146c65ac4ca731c0680962eb48/pymongo-4.15.1-cp313-cp313t-win32.whl", hash = "sha256:754a5d75c33d49691e2b09a4e0dc75959e271a38cbfd92c6b36f7e4eafc4608e", size = 987225, upload-time = "2025-09-16T16:39:20.663Z" },
    { url = "https://files.pythonhosted.org/packages/9d/97/c9bf6dcd647a8cf7abbad5814dfb7d8a16e6ab92a3e56343b3bcb454a6d3/pymongo-4.15.1-cp313-cp313t-win_amd64.whl", hash = "sha256:8d62e68ad21661e536555d0683087a14bf5c74b242a4446c602d16080eb9e293", size = 1017521, upload-time = "2025-09-16T16:39:22.319Z" },
    { url = "https://files.pythonhosted.org/packages/31/ea/102f7c9477302fa05e5303dd504781ac82400e01aab91bfba9c290253bd6/pymongo-4.15.1-cp313-cp313t-win_arm64.whl", hash = "sha256:56bbfb79b51e95f4b1324a5a7665f3629f4d27c18e2002cfaa60c907cc5369d9", size = 992963, upload-time = "2025-09-16T16:39:23.957Z" },
]

[[package]]
name = "rnet"
version = "2.4.2"
source = { registry = "https://pypi.org/simple" }
sdist = { url = "https://files.pythonhosted.org/packages/10/bc/e5e4395e67803405900b98d503a23c1125432a5a73d2c311dd2ebe11b7fc/rnet-2.4.2.tar.gz", hash = "sha256:9fc9ea17a7afea799e10670f0c1da939f500c440760aeefe42209644ffef5bf5", size = 515573, upload-time = "2025-08-02T23:26:27.795Z" }
wheels = [
    { url = "https://files.pythonhosted.org/packages/9e/47/9f8e74522d1474d92ef1994dcd77a0e30956c5001a72ae85483f83e74f30/rnet-2.4.2-cp313-cp313-macosx_10_12_x86_64.whl", hash = "sha256:3f5c7cfb79d8064d9cbfc7cdf9fd3f32a22330b8f27debd9f359b713c1514315", size = 3694561, upload-time = "2025-08-02T23:25:29.321Z" },
    { url = "https://files.pythonhosted.org/packages/2a/47/3a98acf088886d719b29e962f48fcdcf72dc793f34f699587831fd786e5a/rnet-2.4.2-cp313-cp313-macosx_11_0_arm64.whl", hash = "sha256:c9b31e71f6320bf2bad053daaf18b8d31af35873bf35e58e769d6bb7f939ad51", size = 3420076, upload-time = "2025-08-02T23:25:16.323Z" },
    { url = "https://files.pythonhosted.org/packages/55/d9/3c33a0e3babeff757582379f47ac52b2d7ed309dc92540099a4f8bab38a3/rnet-2.4.2-cp313-cp313-manylinux_2_17_x86_64.manylinux2014_x86_64.whl", hash = "sha256:dbda077bbaac3d32434c87f2cfa27cc51ecf753a34d040eaf1810190930cc568", size = 3657915, upload-time = "2025-08-02T23:25:03.279Z" },
    { url = "https://files.pythonhosted.org/packages/25/02/88e0359a01023592aab19f14655bd353e578bb9d069327df70db8f4a262a/rnet-2.4.2-cp313-cp313-manylinux_2_34_aarch64.whl", hash = "sha256:799657600e048e6c5053a43cc9f1e0a8057401c6d8099db6b054da479d25ace3", size = 3602185, upload-time = "2025-08-02T23:24:25.724Z" },
    { url = "https://files.pythonhosted.org/packages/49/63/29cd012fd3ebc58a382624217dd8c4136f68418fe843023c8230a16f316a/rnet-2.4.2-cp313-cp313-manylinux_2_34_armv7l.whl", hash = "sha256:d6ff30824014b9550f7641224a4e6a8031d66cb82c54595e9fa2cdfe6d722cfe", size = 3418173, upload-time = "2025-08-02T23:24:38.574Z" },
    { url = "https://files.pythonhosted.org/packages/15/f7/02b63541b6016fe08c708676ec1ad977df1878ee87e8162f0a313671418b/rnet-2.4.2-cp313-cp313-manylinux_2_34_i686.whl", hash = "sha256:c5651c474ea168b30f64611b6e9285a36e5d6fb74effc032dda69592339d2345", size = 3679674, upload-time = "2025-08-02T23:24:50.586Z" },
    { url = "https://files.pythonhosted.org/packages/42/5d/e144b5d0e352761ff07cfd949e4e315638f1527933cbc71469d4e14304b2/rnet-2.4.2-cp313-cp313-musllinux_1_2_aarch64.whl", hash = "sha256:46b5ce10cbe9965cd12e9ff4304b1457d9f777e0ecd1e4b9beb52c58ca22e32e", size = 3953368, upload-time = "2025-08-02T23:25:41.655Z" },
    { url = "https://files.pythonhosted.org/packages/c8/87/7f6ab3c58f97f99e374c117e92775e414eb1a7303d4924429b7ee9cf5f43/rnet-2.4.2-cp313-cp313-musllinux_1_2_armv7l.whl", hash = "sha256:edc05735d72151111b203a22317f6f681e25fe363ad60eb84cad8ac4fe7bcb59", size = 3913525, upload-time = "2025-08-02T23:25:53.504Z" },
    { url = "https://files.pythonhosted.org/packages/2f/5a/2f93019314487d5c7c3161d78c6ac491196825f5d00ca0c0882fa996bd91/rnet-2.4.2-cp313-cp313-musllinux_1_2_i686.whl", hash = "sha256:9c2608adc060169f142eb254e3188034c7c6d09a533e95335712d52a630b1fa6", size = 4001822, upload-time = "2025-08-02T23:26:07.22Z" },
    { url = "https://files.pythonhosted.org/packages/51/91/7ba2f9747c00c10570bb225c234bae8a5ca3a6235edb4b5a24b91446b6b2/rnet-2.4.2-cp313-cp313-musllinux_1_2_x86_64.whl", hash = "sha256:42c5e3efa232fbe401a7139481112ca804ca4d2a95028aa920e0b2467adeb9e0", size = 4161629, upload-time = "2025-08-02T23:26:19.74Z" },
    { url = "https://files.pythonhosted.org/packages/eb/a9/0b611b864e8d5edaed77b94c547d5b46c34a8c135bab375213e31f579f44/rnet-2.4.2-cp313-cp313-win32.whl", hash = "sha256:229bee463e42574502e211cef37f4c1ca1bb920ee8d202d8d529375e3e3785bb", size = 3199980, upload-time = "2025-08-02T23:26:57.556Z" },
    { url = "https://files.pythonhosted.org/packages/4f/a1/c2beaf82d7e0a9ea9fd799e765ec511cd256ed2d16eee8815a2287e82e52/rnet-2.4.2-cp313-cp313-win_amd64.whl", hash = "sha256:188abfcc89d7b9d334767ca0d894a88c2a2c831befd6a2adb7af3e234061520a", size = 3560256, upload-time = "2025-08-02T23:26:45.089Z" },
    { url = "https://files.pythonhosted.org/packages/bf/02/67f725b5f87780829c7b8d9cac1055ea49de393c4a917145796a3857a63c/rnet-2.4.2-cp313-cp313-win_arm64.whl", hash = "sha256:ef2fdf2902a6c547a38b3518d181f69e9258407a773c80f507147e2a67c2c5dd", size = 3198950, upload-time = "2025-08-02T23:26:33.226Z" },
    { url = "https://files.pythonhosted.org/packages/c0/6a/8e29c555a9126b7f20350bbc070471ceccd098807da064f06b04fc15cc8c/rnet-2.4.2-cp313-cp313t-macosx_10_12_x86_64.whl", hash = "sha256:b5def780eec001fd44d0abfb88723a45d46d67dc149bd928a15cba55fe8f63ed", size = 3692355, upload-time = "2025-08-02T23:25:31.059Z" },
    { url = "https://files.pythonhosted.org/packages/d3/5a/ab8b5a762faba5a041d3ea9215bb88a4a929a9fd615921aa96511d0688ed/rnet-2.4.2-cp313-cp313t-macosx_11_0_arm64.whl", hash = "sha256:e291b20c39bcedeaed3d9d6350d380ed8ebbe46b268dc344026d4cf48c2ca226", size = 3410853, upload-time = "2025-08-02T23:25:17.599Z" },
    { url = "https://files.pythonhosted.org/packages/75/23/85f2e22006d635bcaa5e0fd759984f6dd6d0573fcb191b223b40d5ea2a1a/rnet-2.4.2-cp313-cp313t-manylinux_2_17_x86_64.manylinux2014_x86_64.whl", hash = "sha256:487e3131ecb0591af62100156f197ed688f5c8cfd3b635b5f012ec3d2c30ac6d", size = 3650465, upload-time = "2025-08-02T23:25:04.767Z" },
    { url = "https://files.pythonhosted.org/packages/d1/cf/192c988fdd2836c148dec1f3377e916944fdc891748c9dea5fc07fbbaefd/rnet-2.4.2-cp313-cp313t-manylinux_2_34_aarch64.whl", hash = "sha256:3d9c7618cfc4c67b236a490abcb4948a0568f8c016acb393b5d2393ffcb813b3", size = 3598032, upload-time = "2025-08-02T23:24:26.958Z" },
    { url = "https://files.pythonhosted.org/packages/8c/13/e9ba7fa2b630de4233213e13f36baf9ae0c524555b51f4e921e5922d2cd5/rnet-2.4.2-cp313-cp313t-manylinux_2_34_armv7l.whl", hash = "sha256:3ab48ceb3494ab09dbe2b67223c6a61c18388b14bb598fbdbace513cdeda9682", size = 3409810, upload-time = "2025-08-02T23:24:39.995Z" },
    { url = "https://files.pythonhosted.org/packages/16/3a/d92411f45468bcd882e62c7c5bcc1e4ce52d4e96a529c67267cc71061723/rnet-2.4.2-cp313-cp313t-manylinux_2_34_i686.whl", hash = "sha256:892ccc9fd0b33cca0f8e665d4b64a499443d53535994866dafd51ac8c6242483", size = 3673413, upload-time = "2025-08-02T23:24:52.189Z" },
    { url = "https://files.pythonhosted.org/packages/49/01/502e8257b61ff3b2e5091c2cd045b81e9195364d4358093d96814c7d8863/rnet-2.4.2-cp313-cp313t-musllinux_1_2_aarch64.whl", hash = "sha256:3727bc81f9be401da8da7a861229f6f11abf6e911b0b193429c3d7e830b212a8", size = 3944603, upload-time = "2025-08-02T23:25:43.048Z" },
    { url = "https://files.pythonhosted.org/packages/fb/d3/4269d055f1c53f610b56906fb0d764c54f426108d4d8541e89c22d3d2205/rnet-2.4.2-cp313-cp313t-musllinux_1_2_armv7l.whl", hash = "sha256:e7fbf5d45b896abf79eefc3487b57eb2d4d75138464d373dc60849ae917f8fd7", size = 3928730, upload-time = "2025-08-02T23:25:54.741Z" },
    { url = "https://files.pythonhosted.org/packages/5e/c2/fedcf898d68116b82e26c172514ecc4b0c4adbb402640629bcb0c6b99806/rnet-2.4.2-cp313-cp313t-musllinux_1_2_i686.whl", hash = "sha256:85779a684bd047c18ab2a6709ab0b1cbb295bd5ac10bac302f9a6ffc21979e19", size = 3995254, upload-time = "2025-08-02T23:26:08.639Z" },
    { url = "https://files.pythonhosted.org/packages/a4/dd/6ae1b46027827d1b87d19d7ffddd3999f0873f4eea76dc3477774bdae9a7/rnet-2.4.2-cp313-cp313t-musllinux_1_2_x86_64.whl", hash = "sha256:e924e69a878710f40311faf3c6d396e3e32da656c287613e77e15ea31363e55d", size = 4152690, upload-time = "2025-08-02T23:26:21.023Z" },
    { url = "https://files.pythonhosted.org/packages/e8/cb/79f76c8cecfe479896f4c12fb2c39edf1bedf25e9cb4641007e6b2e4d647/rnet-2.4.2-cp313-cp313t-win32.whl", hash = "sha256:4798d2d010d0662319f5542222b4f1bc6b944bb35b27b8aaff1912f6edd57667", size = 3195550, upload-time = "2025-08-02T23:26:59.308Z" },
    { url = "https://files.pythonhosted.org/packages/95/9f/5dd83cc69127b54e94ddfb5d1ce3f9866f0931248292a6d2408d2cdf3b0b/rnet-2.4.2-cp313-cp313t-win_amd64.whl", hash = "sha256:98209f96d084e4314d7a93289178f5310008f3fd2f614010bb9e9937490d47d2", size = 3554114, upload-time = "2025-08-02T23:26:46.526Z" },
    { url = "https://files.pythonhosted.org/packages/09/c6/3858fa8bcd135072f8babf0e1cb2a974f815452b9a58a019f758ca6bee3c/rnet-2.4.2-cp313-cp313t-win_arm64.whl", hash = "sha256:93c5437d5d39a255f0b744be633fba9f48a7ec33e50c87098d862cd34ffd220a", size = 3190499, upload-time = "2025-08-02T23:26:34.56Z" },
    { url = "https://files.pythonhosted.org/packages/0e/3d/1243feebfc687cb6779850d80b3bf26624b64b31d26b6eb8445b36159360/rnet-2.4.2-cp314-cp314-macosx_10_12_x86_64.whl", hash = "sha256:d449f40eaec90a9a0e4f710417baf3d4e0e78381fb16caa8ab9dcf15b513f97c", size = 3685880, upload-time = "2025-08-02T23:25:32.333Z" },
    { url = "https://files.pythonhosted.org/packages/99/50/a68ed861ccd2965bbbea6563ba176a0548035677e7447e94f1a4105ae69e/rnet-2.4.2-cp314-cp314-macosx_11_0_arm64.whl", hash = "sha256:a961d1215460c1a66d7e1fcf9532de9e5be7a14905ae10c27d357c069d319dce", size = 3411647, upload-time = "2025-08-02T23:25:19.189Z" },
    { url = "https://files.pythonhosted.org/packages/14/ff/74f9c6869f21a53c7d278139923d4fe40f2330bffebdf7f2d171acd44c74/rnet-2.4.2-cp314-cp314-manylinux_2_17_x86_64.manylinux2014_x86_64.whl", hash = "sha256:020c1719e3c36ec54a6b18a020201b21c796577ff053b9d483766bde2f3326d2", size = 3660610, upload-time = "2025-08-02T23:25:06.322Z" },
    { url = "https://files.pythonhosted.org/packages/be/ee/076920cf2c02f5117af978df7c6a9f2620798730b725bad384cb92c2863e/rnet-2.4.2-cp314-cp314-manylinux_2_34_aarch64.whl", hash = "sha256:b37f4e587f9c561e555242d1c1e14be67b516e4dae8e7ac04546379d67d0de6b", size = 3605173, upload-time = "2025-08-02T23:24:28.528Z" },
    { url = "https://files.pythonhosted.org/packages/fc/22/0a5046e21a196073dff4f90eee2b0069372b80ff79cb02d5032b6dde7f72/rnet-2.4.2-cp314-cp314-manylinux_2_34_armv7l.whl", hash = "sha256:415d849312597da5e3a10f382b17d74f65235abbc22f111c7ded7943c7357213", size = 3421925, upload-time = "2025-08-02T23:24:41.184Z" },
    { url = "https://files.pythonhosted.org/packages/82/50/b1bbd02bd879ecb896e19a0f295deaeafd3b382a8dd5fb18bd8968154401/rnet-2.4.2-cp314-cp314-manylinux_2_34_i686.whl", hash = "sha256:16101f984d8be37f9a132585bbc789f99e75c08b431cf4a6f0c14249bacea727", size = 3682443, upload-time = "2025-08-02T23:24:53.821Z" },
    { url = "https://files.pythonhosted.org/packages/e8/e7/f8e54c9ec22e7f3a091a038adb9cd7634a0143cd2e9344958d3e5a063c36/rnet-2.4.2-cp314-cp314-musllinux_1_2_aarch64.whl", hash = "sha256:d00f303c0b065d29c8df076a79adb7bfad290db39210b0361428353279aef457", size = 3946724, upload-time = "2025-08-02T23:25:44.282Z" },
    { url = "https://files.pythonhosted.org/packages/b7/e9/1247ea6e07939756efc829a69c69e9d6d8aca53297f30af8d0c9fb433c51/rnet-2.4.2-cp314-cp314-musllinux_1_2_armv7l.whl", hash = "sha256:f966304426580290ea59d554eb3753c5a89add3e429a842b126a933f2ced3511", size = 3901273, upload-time = "2025-08-02T23:25:57.585Z" },
    { url = "https://files.pythonhosted.org/packages/8f/9f/7850511cabf832731542ad725ca8a7a19ad113f0118e82f4f694e1bb7e07/rnet-2.4.2-cp314-cp314-musllinux_1_2_i686.whl", hash = "sha256:5433c8acb1fbc285ab32617e699497437856bd2d913891949c242e92de730d18", size = 3997674, upload-time = "2025-08-02T23:26:09.92Z" },
    { url = "https://files.pythonhosted.org/packages/e4/e1/51290a451fec6bb39346df02df05f9f196a9c6bc3880fe0c1aa02ec95a2c/rnet-2.4.2-cp314-cp314-musllinux_1_2_x86_64.whl", hash = "sha256:6158ffeaeeb54cc64393a11b274c33d3cb9ae7f828aee87978a929204378daa7", size = 4152289, upload-time = "2025-08-02T23:26:22.536Z" },
    { url = "https://files.pythonhosted.org/packages/1b/2e/682f17b5ee05baf57775bce571ebe78a56aa65a19fd6fa16e817ac9e0e1a/rnet-2.4.2-cp314-cp314-win32.whl", hash = "sha256:aa02df462656e1e2aaca3c4c054c0cda93db83324db281e3f69b69e2f31ca323", size = 3202385, upload-time = "2025-08-02T23:27:00.648Z" },
    { url = "https://files.pythonhosted.org/packages/50/04/f982c8020f2327ec88a6464ba74a390b37fbb5d194d44e24ea7a7fef37fe/rnet-2.4.2-cp314-cp314-win_amd64.whl", hash = "sha256:4cedbb836e994c2be74862485317b28198855c620319ac65d3e486fe7a583ef4", size = 3564422, upload-time = "2025-08-02T23:26:48.001Z" },
    { url = "https://files.pythonhosted.org/packages/51/7d/fa1e9962e9ad994dc8d5ddbda0e27a1f57f26a1203de78f4a9a65acab60a/rnet-2.4.2-cp314-cp314-win_arm64.whl", hash = "sha256:37fda3225b1a0475f761d8ab0aed8992dab01427441e97733f54f53d57500b1c", size = 3200605, upload-time = "2025-08-02T23:26:35.844Z" },
]
